// !$*UTF8*$!
{
	archiveVersion = 1;
	classes = {
	};
	objectVersion = 55;
	objects = {

/* Begin PBXBuildFile section */
		D747BD0328996AF800EFB36A /* AppDelegate.swift in Sources */ = {isa = PBXBuildFile; fileRef = D747BD0228996AF800EFB36A /* AppDelegate.swift */; };
		D747BD0528996AF800EFB36A /* SceneDelegate.swift in Sources */ = {isa = PBXBuildFile; fileRef = D747BD0428996AF800EFB36A /* SceneDelegate.swift */; };
		D747BD0A28996AF800EFB36A /* Main.storyboard in Resources */ = {isa = PBXBuildFile; fileRef = D747BD0828996AF800EFB36A /* Main.storyboard */; };
		D747BD0D28996AF800EFB36A /* ToDoList.xcdatamodeld in Sources */ = {isa = PBXBuildFile; fileRef = D747BD0B28996AF800EFB36A /* ToDoList.xcdatamodeld */; };
		D747BD0F28996B0600EFB36A /* Assets.xcassets in Resources */ = {isa = PBXBuildFile; fileRef = D747BD0E28996B0600EFB36A /* Assets.xcassets */; };
		D747BD1228996B0600EFB36A /* LaunchScreen.storyboard in Resources */ = {isa = PBXBuildFile; fileRef = D747BD1028996B0600EFB36A /* LaunchScreen.storyboard */; };
		D747BD1D28996B0700EFB36A /* ToDoListTests.swift in Sources */ = {isa = PBXBuildFile; fileRef = D747BD1C28996B0700EFB36A /* ToDoListTests.swift */; };
		D747BD2728996B0800EFB36A /* ToDoListUITests.swift in Sources */ = {isa = PBXBuildFile; fileRef = D747BD2628996B0800EFB36A /* ToDoListUITests.swift */; };
		D747BD2928996B0800EFB36A /* ToDoListUITestsLaunchTests.swift in Sources */ = {isa = PBXBuildFile; fileRef = D747BD2828996B0800EFB36A /* ToDoListUITestsLaunchTests.swift */; };
		D747BD3628996C5A00EFB36A /* ToDoTableViewController.swift in Sources */ = {isa = PBXBuildFile; fileRef = D747BD3528996C5900EFB36A /* ToDoTableViewController.swift */; };
		D747BD3828996D0300EFB36A /* Todo.swift in Sources */ = {isa = PBXBuildFile; fileRef = D747BD3728996D0300EFB36A /* Todo.swift */; };
/* End PBXBuildFile section */

/* Begin PBXContainerItemProxy section */
		D747BD1928996B0700EFB36A /* PBXContainerItemProxy */ = {
			isa = PBXContainerItemProxy;
			containerPortal = D747BCF728996AF800EFB36A /* Project object */;
			proxyType = 1;
			remoteGlobalIDString = D747BCFE28996AF800EFB36A;
			remoteInfo = ToDoList;
		};
		D747BD2328996B0800EFB36A /* PBXContainerItemProxy */ = {
			isa = PBXContainerItemProxy;
			containerPortal = D747BCF728996AF800EFB36A /* Project object */;
			proxyType = 1;
			remoteGlobalIDString = D747BCFE28996AF800EFB36A;
			remoteInfo = ToDoList;
		};
/* End PBXContainerItemProxy section */

/* Begin PBXFileReference section */
		D747BCFF28996AF800EFB36A /* ToDoList.app */ = {isa = PBXFileReference; explicitFileType = wrapper.application; includeInIndex = 0; path = ToDoList.app; sourceTree = BUILT_PRODUCTS_DIR; };
		D747BD0228996AF800EFB36A /* AppDelegate.swift */ = {isa = PBXFileReference; lastKnownFileType = sourcecode.swift; path = AppDelegate.swift; sourceTree = "<group>"; };
		D747BD0428996AF800EFB36A /* SceneDelegate.swift */ = {isa = PBXFileReference; lastKnownFileType = sourcecode.swift; path = SceneDelegate.swift; sourceTree = "<group>"; };
		D747BD0928996AF800EFB36A /* Base */ = {isa = PBXFileReference; lastKnownFileType = file.storyboard; name = Base; path = Base.lproj/Main.storyboard; sourceTree = "<group>"; };
		D747BD0C28996AF800EFB36A /* ToDoList.xcdatamodel */ = {isa = PBXFileReference; lastKnownFileType = wrapper.xcdatamodel; path = ToDoList.xcdatamodel; sourceTree = "<group>"; };
		D747BD0E28996B0600EFB36A /* Assets.xcassets */ = {isa = PBXFileReference; lastKnownFileType = folder.assetcatalog; path = Assets.xcassets; sourceTree = "<group>"; };
		D747BD1128996B0600EFB36A /* Base */ = {isa = PBXFileReference; lastKnownFileType = file.storyboard; name = Base; path = Base.lproj/LaunchScreen.storyboard; sourceTree = "<group>"; };
		D747BD1328996B0600EFB36A /* Info.plist */ = {isa = PBXFileReference; lastKnownFileType = text.plist.xml; path = Info.plist; sourceTree = "<group>"; };
		D747BD1828996B0700EFB36A /* ToDoListTests.xctest */ = {isa = PBXFileReference; explicitFileType = wrapper.cfbundle; includeInIndex = 0; path = ToDoListTests.xctest; sourceTree = BUILT_PRODUCTS_DIR; };
		D747BD1C28996B0700EFB36A /* ToDoListTests.swift */ = {isa = PBXFileReference; lastKnownFileType = sourcecode.swift; path = ToDoListTests.swift; sourceTree = "<group>"; };
		D747BD2228996B0800EFB36A /* ToDoListUITests.xctest */ = {isa = PBXFileReference; explicitFileType = wrapper.cfbundle; includeInIndex = 0; path = ToDoListUITests.xctest; sourceTree = BUILT_PRODUCTS_DIR; };
		D747BD2628996B0800EFB36A /* ToDoListUITests.swift */ = {isa = PBXFileReference; lastKnownFileType = sourcecode.swift; path = ToDoListUITests.swift; sourceTree = "<group>"; };
		D747BD2828996B0800EFB36A /* ToDoListUITestsLaunchTests.swift */ = {isa = PBXFileReference; lastKnownFileType = sourcecode.swift; path = ToDoListUITestsLaunchTests.swift; sourceTree = "<group>"; };
		D747BD3528996C5900EFB36A /* ToDoTableViewController.swift */ = {isa = PBXFileReference; lastKnownFileType = sourcecode.swift; path = ToDoTableViewController.swift; sourceTree = "<group>"; };
		D747BD3728996D0300EFB36A /* Todo.swift */ = {isa = PBXFileReference; lastKnownFileType = sourcecode.swift; path = Todo.swift; sourceTree = "<group>"; };
/* End PBXFileReference section */

/* Begin PBXFrameworksBuildPhase section */
		D747BCFC28996AF800EFB36A /* Frameworks */ = {
			isa = PBXFrameworksBuildPhase;
			buildActionMask = 2147483647;
			files = (
			);
			runOnlyForDeploymentPostprocessing = 0;
		};
		D747BD1528996B0700EFB36A /* Frameworks */ = {
			isa = PBXFrameworksBuildPhase;
			buildActionMask = 2147483647;
			files = (
			);
			runOnlyForDeploymentPostprocessing = 0;
		};
		D747BD1F28996B0800EFB36A /* Frameworks */ = {
			isa = PBXFrameworksBuildPhase;
			buildActionMask = 2147483647;
			files = (
			);
			runOnlyForDeploymentPostprocessing = 0;
		};
/* End PBXFrameworksBuildPhase section */

/* Begin PBXGroup section */
		D747BCF628996AF800EFB36A = {
			isa = PBXGroup;
			children = (
				D747BD0128996AF800EFB36A /* ToDoList */,
				D747BD1B28996B0700EFB36A /* ToDoListTests */,
				D747BD2528996B0800EFB36A /* ToDoListUITests */,
				D747BD0028996AF800EFB36A /* Products */,
			);
			sourceTree = "<group>";
		};
		D747BD0028996AF800EFB36A /* Products */ = {
			isa = PBXGroup;
			children = (
				D747BCFF28996AF800EFB36A /* ToDoList.app */,
				D747BD1828996B0700EFB36A /* ToDoListTests.xctest */,
				D747BD2228996B0800EFB36A /* ToDoListUITests.xctest */,
			);
			name = Products;
			sourceTree = "<group>";
		};
		D747BD0128996AF800EFB36A /* ToDoList */ = {
			isa = PBXGroup;
			children = (
				D747BD0228996AF800EFB36A /* AppDelegate.swift */,
				D747BD0428996AF800EFB36A /* SceneDelegate.swift */,
				D747BD0828996AF800EFB36A /* Main.storyboard */,
				D747BD3728996D0300EFB36A /* Todo.swift */,
				D747BD3528996C5900EFB36A /* ToDoTableViewController.swift */,
				D747BD0E28996B0600EFB36A /* Assets.xcassets */,
				D747BD1028996B0600EFB36A /* LaunchScreen.storyboard */,
				D747BD1328996B0600EFB36A /* Info.plist */,
				D747BD0B28996AF800EFB36A /* ToDoList.xcdatamodeld */,
			);
			path = ToDoList;
			sourceTree = "<group>";
		};
		D747BD1B28996B0700EFB36A /* ToDoListTests */ = {
			isa = PBXGroup;
			children = (
				D747BD1C28996B0700EFB36A /* ToDoListTests.swift */,
			);
			path = ToDoListTests;
			sourceTree = "<group>";
		};
		D747BD2528996B0800EFB36A /* ToDoListUITests */ = {
			isa = PBXGroup;
			children = (
				D747BD2628996B0800EFB36A /* ToDoListUITests.swift */,
				D747BD2828996B0800EFB36A /* ToDoListUITestsLaunchTests.swift */,
			);
			path = ToDoListUITests;
			sourceTree = "<group>";
		};
/* End PBXGroup section */

/* Begin PBXNativeTarget section */
		D747BCFE28996AF800EFB36A /* ToDoList */ = {
			isa = PBXNativeTarget;
			buildConfigurationList = D747BD2C28996B0800EFB36A /* Build configuration list for PBXNativeTarget "ToDoList" */;
			buildPhases = (
				D747BCFB28996AF800EFB36A /* Sources */,
				D747BCFC28996AF800EFB36A /* Frameworks */,
				D747BCFD28996AF800EFB36A /* Resources */,
			);
			buildRules = (
			);
			dependencies = (
			);
			name = ToDoList;
			productName = ToDoList;
			productReference = D747BCFF28996AF800EFB36A /* ToDoList.app */;
			productType = "com.apple.product-type.application";
		};
		D747BD1728996B0700EFB36A /* ToDoListTests */ = {
			isa = PBXNativeTarget;
			buildConfigurationList = D747BD2F28996B0800EFB36A /* Build configuration list for PBXNativeTarget "ToDoListTests" */;
			buildPhases = (
				D747BD1428996B0700EFB36A /* Sources */,
				D747BD1528996B0700EFB36A /* Frameworks */,
				D747BD1628996B0700EFB36A /* Resources */,
			);
			buildRules = (
			);
			dependencies = (
				D747BD1A28996B0700EFB36A /* PBXTargetDependency */,
			);
			name = ToDoListTests;
			productName = ToDoListTests;
			productReference = D747BD1828996B0700EFB36A /* ToDoListTests.xctest */;
			productType = "com.apple.product-type.bundle.unit-test";
		};
		D747BD2128996B0800EFB36A /* ToDoListUITests */ = {
			isa = PBXNativeTarget;
			buildConfigurationList = D747BD3228996B0800EFB36A /* Build configuration list for PBXNativeTarget "ToDoListUITests" */;
			buildPhases = (
				D747BD1E28996B0800EFB36A /* Sources */,
				D747BD1F28996B0800EFB36A /* Frameworks */,
				D747BD2028996B0800EFB36A /* Resources */,
			);
			buildRules = (
			);
			dependencies = (
				D747BD2428996B0800EFB36A /* PBXTargetDependency */,
			);
			name = ToDoListUITests;
			productName = ToDoListUITests;
			productReference = D747BD2228996B0800EFB36A /* ToDoListUITests.xctest */;
			productType = "com.apple.product-type.bundle.ui-testing";
		};
/* End PBXNativeTarget section */

/* Begin PBXProject section */
		D747BCF728996AF800EFB36A /* Project object */ = {
			isa = PBXProject;
			attributes = {
				BuildIndependentTargetsInParallel = 1;
				LastSwiftUpdateCheck = 1340;
				LastUpgradeCheck = 1340;
				TargetAttributes = {
					D747BCFE28996AF800EFB36A = {
						CreatedOnToolsVersion = 13.4.1;
					};
					D747BD1728996B0700EFB36A = {
						CreatedOnToolsVersion = 13.4.1;
						TestTargetID = D747BCFE28996AF800EFB36A;
					};
					D747BD2128996B0800EFB36A = {
						CreatedOnToolsVersion = 13.4.1;
						TestTargetID = D747BCFE28996AF800EFB36A;
					};
				};
			};
			buildConfigurationList = D747BCFA28996AF800EFB36A /* Build configuration list for PBXProject "ToDoList" */;
			compatibilityVersion = "Xcode 13.0";
			developmentRegion = en;
			hasScannedForEncodings = 0;
			knownRegions = (
				en,
				Base,
			);
			mainGroup = D747BCF628996AF800EFB36A;
			productRefGroup = D747BD0028996AF800EFB36A /* Products */;
			projectDirPath = "";
			projectRoot = "";
			targets = (
				D747BCFE28996AF800EFB36A /* ToDoList */,
				D747BD1728996B0700EFB36A /* ToDoListTests */,
				D747BD2128996B0800EFB36A /* ToDoListUITests */,
			);
		};
/* End PBXProject section */

/* Begin PBXResourcesBuildPhase section */
		D747BCFD28996AF800EFB36A /* Resources */ = {
			isa = PBXResourcesBuildPhase;
			buildActionMask = 2147483647;
			files = (
				D747BD1228996B0600EFB36A /* LaunchScreen.storyboard in Resources */,
				D747BD0F28996B0600EFB36A /* Assets.xcassets in Resources */,
				D747BD0A28996AF800EFB36A /* Main.storyboard in Resources */,
			);
			runOnlyForDeploymentPostprocessing = 0;
		};
		D747BD1628996B0700EFB36A /* Resources */ = {
			isa = PBXResourcesBuildPhase;
			buildActionMask = 2147483647;
			files = (
			);
			runOnlyForDeploymentPostprocessing = 0;
		};
		D747BD2028996B0800EFB36A /* Resources */ = {
			isa = PBXResourcesBuildPhase;
			buildActionMask = 2147483647;
			files = (
			);
			runOnlyForDeploymentPostprocessing = 0;
		};
/* End PBXResourcesBuildPhase section */

/* Begin PBXSourcesBuildPhase section */
		D747BCFB28996AF800EFB36A /* Sources */ = {
			isa = PBXSourcesBuildPhase;
			buildActionMask = 2147483647;
			files = (
				D747BD3628996C5A00EFB36A /* ToDoTableViewController.swift in Sources */,
				D747BD0328996AF800EFB36A /* AppDelegate.swift in Sources */,
				D747BD0528996AF800EFB36A /* SceneDelegate.swift in Sources */,
				D747BD0D28996AF800EFB36A /* ToDoList.xcdatamodeld in Sources */,
				D747BD3828996D0300EFB36A /* Todo.swift in Sources */,
			);
			runOnlyForDeploymentPostprocessing = 0;
		};
		D747BD1428996B0700EFB36A /* Sources */ = {
			isa = PBXSourcesBuildPhase;
			buildActionMask = 2147483647;
			files = (
				D747BD1D28996B0700EFB36A /* ToDoListTests.swift in Sources */,
			);
			runOnlyForDeploymentPostprocessing = 0;
		};
		D747BD1E28996B0800EFB36A /* Sources */ = {
			isa = PBXSourcesBuildPhase;
			buildActionMask = 2147483647;
			files = (
				D747BD2928996B0800EFB36A /* ToDoListUITestsLaunchTests.swift in Sources */,
				D747BD2728996B0800EFB36A /* ToDoListUITests.swift in Sources */,
			);
			runOnlyForDeploymentPostprocessing = 0;
		};
/* End PBXSourcesBuildPhase section */

/* Begin PBXTargetDependency section */
		D747BD1A28996B0700EFB36A /* PBXTargetDependency */ = {
			isa = PBXTargetDependency;
			target = D747BCFE28996AF800EFB36A /* ToDoList */;
			targetProxy = D747BD1928996B0700EFB36A /* PBXContainerItemProxy */;
		};
		D747BD2428996B0800EFB36A /* PBXTargetDependency */ = {
			isa = PBXTargetDependency;
			target = D747BCFE28996AF800EFB36A /* ToDoList */;
			targetProxy = D747BD2328996B0800EFB36A /* PBXContainerItemProxy */;
		};
/* End PBXTargetDependency section */

/* Begin PBXVariantGroup section */
		D747BD0828996AF800EFB36A /* Main.storyboard */ = {
			isa = PBXVariantGroup;
			children = (
				D747BD0928996AF800EFB36A /* Base */,
			);
			name = Main.storyboard;
			sourceTree = "<group>";
		};
		D747BD1028996B0600EFB36A /* LaunchScreen.storyboard */ = {
			isa = PBXVariantGroup;
			children = (
				D747BD1128996B0600EFB36A /* Base */,
			);
			name = LaunchScreen.storyboard;
			sourceTree = "<group>";
		};
/* End PBXVariantGroup section */

/* Begin XCBuildConfiguration section */
		D747BD2A28996B0800EFB36A /* Debug */ = {
			isa = XCBuildConfiguration;
			buildSettings = {
				ALWAYS_SEARCH_USER_PATHS = NO;
				CLANG_ANALYZER_NONNULL = YES;
				CLANG_ANALYZER_NUMBER_OBJECT_CONVERSION = YES_AGGRESSIVE;
				CLANG_CXX_LANGUAGE_STANDARD = "gnu++17";
				CLANG_ENABLE_MODULES = YES;
				CLANG_ENABLE_OBJC_ARC = YES;
				CLANG_ENABLE_OBJC_WEAK = YES;
				CLANG_WARN_BLOCK_CAPTURE_AUTORELEASING = YES;
				CLANG_WARN_BOOL_CONVERSION = YES;
				CLANG_WARN_COMMA = YES;
				CLANG_WARN_CONSTANT_CONVERSION = YES;
				CLANG_WARN_DEPRECATED_OBJC_IMPLEMENTATIONS = YES;
				CLANG_WARN_DIRECT_OBJC_ISA_USAGE = YES_ERROR;
				CLANG_WARN_DOCUMENTATION_COMMENTS = YES;
				CLANG_WARN_EMPTY_BODY = YES;
				CLANG_WARN_ENUM_CONVERSION = YES;
				CLANG_WARN_INFINITE_RECURSION = YES;
				CLANG_WARN_INT_CONVERSION = YES;
				CLANG_WARN_NON_LITERAL_NULL_CONVERSION = YES;
				CLANG_WARN_OBJC_IMPLICIT_RETAIN_SELF = YES;
				CLANG_WARN_OBJC_LITERAL_CONVERSION = YES;
				CLANG_WARN_OBJC_ROOT_CLASS = YES_ERROR;
				CLANG_WARN_QUOTED_INCLUDE_IN_FRAMEWORK_HEADER = YES;
				CLANG_WARN_RANGE_LOOP_ANALYSIS = YES;
				CLANG_WARN_STRICT_PROTOTYPES = YES;
				CLANG_WARN_SUSPICIOUS_MOVE = YES;
				CLANG_WARN_UNGUARDED_AVAILABILITY = YES_AGGRESSIVE;
				CLANG_WARN_UNREACHABLE_CODE = YES;
				CLANG_WARN__DUPLICATE_METHOD_MATCH = YES;
				COPY_PHASE_STRIP = NO;
				DEBUG_INFORMATION_FORMAT = dwarf;
				ENABLE_STRICT_OBJC_MSGSEND = YES;
				ENABLE_TESTABILITY = YES;
				GCC_C_LANGUAGE_STANDARD = gnu11;
				GCC_DYNAMIC_NO_PIC = NO;
				GCC_NO_COMMON_BLOCKS = YES;
				GCC_OPTIMIZATION_LEVEL = 0;
				GCC_PREPROCESSOR_DEFINITIONS = (
					"DEBUG=1",
					"$(inherited)",
				);
				GCC_WARN_64_TO_32_BIT_CONVERSION = YES;
				GCC_WARN_ABOUT_RETURN_TYPE = YES_ERROR;
				GCC_WARN_UNDECLARED_SELECTOR = YES;
				GCC_WARN_UNINITIALIZED_AUTOS = YES_AGGRESSIVE;
				GCC_WARN_UNUSED_FUNCTION = YES;
				GCC_WARN_UNUSED_VARIABLE = YES;
				IPHONEOS_DEPLOYMENT_TARGET = 15.5;
				MTL_ENABLE_DEBUG_INFO = INCLUDE_SOURCE;
				MTL_FAST_MATH = YES;
				ONLY_ACTIVE_ARCH = YES;
				SDKROOT = iphoneos;
				SWIFT_ACTIVE_COMPILATION_CONDITIONS = DEBUG;
				SWIFT_OPTIMIZATION_LEVEL = "-Onone";
			};
			name = Debug;
		};
		D747BD2B28996B0800EFB36A /* Release */ = {
			isa = XCBuildConfiguration;
			buildSettings = {
				ALWAYS_SEARCH_USER_PATHS = NO;
				CLANG_ANALYZER_NONNULL = YES;
				CLANG_ANALYZER_NUMBER_OBJECT_CONVERSION = YES_AGGRESSIVE;
				CLANG_CXX_LANGUAGE_STANDARD = "gnu++17";
				CLANG_ENABLE_MODULES = YES;
				CLANG_ENABLE_OBJC_ARC = YES;
				CLANG_ENABLE_OBJC_WEAK = YES;
				CLANG_WARN_BLOCK_CAPTURE_AUTORELEASING = YES;
				CLANG_WARN_BOOL_CONVERSION = YES;
				CLANG_WARN_COMMA = YES;
				CLANG_WARN_CONSTANT_CONVERSION = YES;
				CLANG_WARN_DEPRECATED_OBJC_IMPLEMENTATIONS = YES;
				CLANG_WARN_DIRECT_OBJC_ISA_USAGE = YES_ERROR;
				CLANG_WARN_DOCUMENTATION_COMMENTS = YES;
				CLANG_WARN_EMPTY_BODY = YES;
				CLANG_WARN_ENUM_CONVERSION = YES;
				CLANG_WARN_INFINITE_RECURSION = YES;
				CLANG_WARN_INT_CONVERSION = YES;
				CLANG_WARN_NON_LITERAL_NULL_CONVERSION = YES;
				CLANG_WARN_OBJC_IMPLICIT_RETAIN_SELF = YES;
				CLANG_WARN_OBJC_LITERAL_CONVERSION = YES;
				CLANG_WARN_OBJC_ROOT_CLASS = YES_ERROR;
				CLANG_WARN_QUOTED_INCLUDE_IN_FRAMEWORK_HEADER = YES;
				CLANG_WARN_RANGE_LOOP_ANALYSIS = YES;
				CLANG_WARN_STRICT_PROTOTYPES = YES;
				CLANG_WARN_SUSPICIOUS_MOVE = YES;
				CLANG_WARN_UNGUARDED_AVAILABILITY = YES_AGGRESSIVE;
				CLANG_WARN_UNREACHABLE_CODE = YES;
				CLANG_WARN__DUPLICATE_METHOD_MATCH = YES;
				COPY_PHASE_STRIP = NO;
				DEBUG_INFORMATION_FORMAT = "dwarf-with-dsym";
				ENABLE_NS_ASSERTIONS = NO;
				ENABLE_STRICT_OBJC_MSGSEND = YES;
				GCC_C_LANGUAGE_STANDARD = gnu11;
				GCC_NO_COMMON_BLOCKS = YES;
				GCC_WARN_64_TO_32_BIT_CONVERSION = YES;
				GCC_WARN_ABOUT_RETURN_TYPE = YES_ERROR;
				GCC_WARN_UNDECLARED_SELECTOR = YES;
				GCC_WARN_UNINITIALIZED_AUTOS = YES_AGGRESSIVE;
				GCC_WARN_UNUSED_FUNCTION = YES;
				GCC_WARN_UNUSED_VARIABLE = YES;
				IPHONEOS_DEPLOYMENT_TARGET = 15.5;
				MTL_ENABLE_DEBUG_INFO = NO;
				MTL_FAST_MATH = YES;
				SDKROOT = iphoneos;
				SWIFT_COMPILATION_MODE = wholemodule;
				SWIFT_OPTIMIZATION_LEVEL = "-O";
				VALIDATE_PRODUCT = YES;
			};
			name = Release;
		};
		D747BD2D28996B0800EFB36A /* Debug */ = {
			isa = XCBuildConfiguration;
			buildSettings = {
				ASSETCATALOG_COMPILER_APPICON_NAME = AppIcon;
				ASSETCATALOG_COMPILER_GLOBAL_ACCENT_COLOR_NAME = AccentColor;
				CODE_SIGN_STYLE = Automatic;
				CURRENT_PROJECT_VERSION = 1;
				GENERATE_INFOPLIST_FILE = YES;
				INFOPLIST_FILE = ToDoList/Info.plist;
				INFOPLIST_KEY_UIApplicationSupportsIndirectInputEvents = YES;
				INFOPLIST_KEY_UILaunchStoryboardName = LaunchScreen;
				INFOPLIST_KEY_UIMainStoryboardFile = Main;
				INFOPLIST_KEY_UISupportedInterfaceOrientations_iPad = "UIInterfaceOrientationPortrait UIInterfaceOrientationPortraitUpsideDown UIInterfaceOrientationLandscapeLeft UIInterfaceOrientationLandscapeRight";
				INFOPLIST_KEY_UISupportedInterfaceOrientations_iPhone = "UIInterfaceOrientationPortrait UIInterfaceOrientationLandscapeLeft UIInterfaceOrientationLandscapeRight";
				LD_RUNPATH_SEARCH_PATHS = (
					"$(inherited)",
					"@executable_path/Frameworks",
				);
				MARKETING_VERSION = 1.0;
				PRODUCT_BUNDLE_IDENTIFIER = KWK.ToDoList;
				PRODUCT_NAME = "$(TARGET_NAME)";
				SWIFT_EMIT_LOC_STRINGS = YES;
				SWIFT_VERSION = 5.0;
				TARGETED_DEVICE_FAMILY = "1,2";
			};
			name = Debug;
		};
		D747BD2E28996B0800EFB36A /* Release */ = {
			isa = XCBuildConfiguration;
			buildSettings = {
				ASSETCATALOG_COMPILER_APPICON_NAME = AppIcon;
				ASSETCATALOG_COMPILER_GLOBAL_ACCENT_COLOR_NAME = AccentColor;
				CODE_SIGN_STYLE = Automatic;
				CURRENT_PROJECT_VERSION = 1;
				GENERATE_INFOPLIST_FILE = YES;
				INFOPLIST_FILE = ToDoList/Info.plist;
				INFOPLIST_KEY_UIApplicationSupportsIndirectInputEvents = YES;
				INFOPLIST_KEY_UILaunchStoryboardName = LaunchScreen;
				INFOPLIST_KEY_UIMainStoryboardFile = Main;
				INFOPLIST_KEY_UISupportedInterfaceOrientations_iPad = "UIInterfaceOrientationPortrait UIInterfaceOrientationPortraitUpsideDown UIInterfaceOrientationLandscapeLeft UIInterfaceOrientationLandscapeRight";
				INFOPLIST_KEY_UISupportedInterfaceOrientations_iPhone = "UIInterfaceOrientationPortrait UIInterfaceOrientationLandscapeLeft UIInterfaceOrientationLandscapeRight";
				LD_RUNPATH_SEARCH_PATHS = (
					"$(inherited)",
					"@executable_path/Frameworks",
				);
				MARKETING_VERSION = 1.0;
				PRODUCT_BUNDLE_IDENTIFIER = KWK.ToDoList;
				PRODUCT_NAME = "$(TARGET_NAME)";
				SWIFT_EMIT_LOC_STRINGS = YES;
				SWIFT_VERSION = 5.0;
				TARGETED_DEVICE_FAMILY = "1,2";
			};
			name = Release;
		};
		D747BD3028996B0800EFB36A /* Debug */ = {
			isa = XCBuildConfiguration;
			buildSettings = {
				ALWAYS_EMBED_SWIFT_STANDARD_LIBRARIES = YES;
				BUNDLE_LOADER = "$(TEST_HOST)";
				CODE_SIGN_STYLE = Automatic;
				CURRENT_PROJECT_VERSION = 1;
				GENERATE_INFOPLIST_FILE = YES;
				IPHONEOS_DEPLOYMENT_TARGET = 15.5;
				MARKETING_VERSION = 1.0;
				PRODUCT_BUNDLE_IDENTIFIER = KWK.ToDoListTests;
				PRODUCT_NAME = "$(TARGET_NAME)";
				SWIFT_EMIT_LOC_STRINGS = NO;
				SWIFT_VERSION = 5.0;
				TARGETED_DEVICE_FAMILY = "1,2";
				TEST_HOST = "$(BUILT_PRODUCTS_DIR)/ToDoList.app/ToDoList";
			};
			name = Debug;
		};
		D747BD3128996B0800EFB36A /* Release */ = {
			isa = XCBuildConfiguration;
			buildSettings = {
				ALWAYS_EMBED_SWIFT_STANDARD_LIBRARIES = YES;
				BUNDLE_LOADER = "$(TEST_HOST)";
				CODE_SIGN_STYLE = Automatic;
				CURRENT_PROJECT_VERSION = 1;
				GENERATE_INFOPLIST_FILE = YES;
				IPHONEOS_DEPLOYMENT_TARGET = 15.5;
				MARKETING_VERSION = 1.0;
				PRODUCT_BUNDLE_IDENTIFIER = KWK.ToDoListTests;
				PRODUCT_NAME = "$(TARGET_NAME)";
				SWIFT_EMIT_LOC_STRINGS = NO;
				SWIFT_VERSION = 5.0;
				TARGETED_DEVICE_FAMILY = "1,2";
				TEST_HOST = "$(BUILT_PRODUCTS_DIR)/ToDoList.app/ToDoList";
			};
			name = Release;
		};
		D747BD3328996B0800EFB36A /* Debug */ = {
			isa = XCBuildConfiguration;
			buildSettings = {
				ALWAYS_EMBED_SWIFT_STANDARD_LIBRARIES = YES;
				CODE_SIGN_STYLE = Automatic;
				CURRENT_PROJECT_VERSION = 1;
				GENERATE_INFOPLIST_FILE = YES;
				MARKETING_VERSION = 1.0;
				PRODUCT_BUNDLE_IDENTIFIER = KWK.ToDoListUITests;
				PRODUCT_NAME = "$(TARGET_NAME)";
				SWIFT_EMIT_LOC_STRINGS = NO;
				SWIFT_VERSION = 5.0;
				TARGETED_DEVICE_FAMILY = "1,2";
				TEST_TARGET_NAME = ToDoList;
			};
			name = Debug;
		};
		D747BD3428996B0800EFB36A /* Release */ = {
			isa = XCBuildConfiguration;
			buildSettings = {
				ALWAYS_EMBED_SWIFT_STANDARD_LIBRARIES = YES;
				CODE_SIGN_STYLE = Automatic;
				CURRENT_PROJECT_VERSION = 1;
				GENERATE_INFOPLIST_FILE = YES;
				MARKETING_VERSION = 1.0;
				PRODUCT_BUNDLE_IDENTIFIER = KWK.ToDoListUITests;
				PRODUCT_NAME = "$(TARGET_NAME)";
				SWIFT_EMIT_LOC_STRINGS = NO;
				SWIFT_VERSION = 5.0;
				TARGETED_DEVICE_FAMILY = "1,2";
				TEST_TARGET_NAME = ToDoList;
			};
			name = Release;
		};
/* End XCBuildConfiguration section */

/* Begin XCConfigurationList section */
		D747BCFA28996AF800EFB36A /* Build configuration list for PBXProject "ToDoList" */ = {
			isa = XCConfigurationList;
			buildConfigurations = (
				D747BD2A28996B0800EFB36A /* Debug */,
				D747BD2B28996B0800EFB36A /* Release */,
			);
			defaultConfigurationIsVisible = 0;
			defaultConfigurationName = Release;
		};
		D747BD2C28996B0800EFB36A /* Build configuration list for PBXNativeTarget "ToDoList" */ = {
			isa = XCConfigurationList;
			buildConfigurations = (
				D747BD2D28996B0800EFB36A /* Debug */,
				D747BD2E28996B0800EFB36A /* Release */,
			);
			defaultConfigurationIsVisible = 0;
			defaultConfigurationName = Release;
		};
		D747BD2F28996B0800EFB36A /* Build configuration list for PBXNativeTarget "ToDoListTests" */ = {
			isa = XCConfigurationList;
			buildConfigurations = (
				D747BD3028996B0800EFB36A /* Debug */,
				D747BD3128996B0800EFB36A /* Release */,
			);
			defaultConfigurationIsVisible = 0;
			defaultConfigurationName = Release;
		};
		D747BD3228996B0800EFB36A /* Build configuration list for PBXNativeTarget "ToDoListUITests" */ = {
			isa = XCConfigurationList;
			buildConfigurations = (
				D747BD3328996B0800EFB36A /* Debug */,
				D747BD3428996B0800EFB36A /* Release */,
			);
			defaultConfigurationIsVisible = 0;
			defaultConfigurationName = Release;
		};
/* End XCConfigurationList section */

/* Begin XCVersionGroup section */
		D747BD0B28996AF800EFB36A /* ToDoList.xcdatamodeld */ = {
			isa = XCVersionGroup;
			children = (
				D747BD0C28996AF800EFB36A /* ToDoList.xcdatamodel */,
			);
			currentVersion = D747BD0C28996AF800EFB36A /* ToDoList.xcdatamodel */;
			path = ToDoList.xcdatamodeld;
			sourceTree = "<group>";
			versionGroupType = wrapper.xcdatamodel;
		};
/* End XCVersionGroup section */
	};
	rootObject = D747BCF728996AF800EFB36A /* Project object */;
}
